github.com/chsc/gogl v0.0.0-20131111203533-c411acc846b6 h1:GHNbGLo1VfjsT+Lf7i1beWEvSHbN/GIi7pzkWAnL2zk=
github.com/chsc/gogl v0.0.0-20131111203533-c411acc846b6/go.mod h1:82yD5XkINXAhjoaZjStP4a8vZSO3c7aAWQS3OJtBg+s=
github.com/go-gl/gl v0.0.0-20231021071112-07e5d0ea2e71 h1:5BVwOaUSBTlVZowGO6VZGw2H/zl9nrd3eCZfYV+NfQA=
github.com/go-gl/gl v0.0.0-20231021071112-07e5d0ea2e71/go.mod h1:9YTyiznxEY1fVinfM7RvRcjRHbw2xLBJ3AAGIT0I4Nw=
github.com/go-gl/glfw/v3.3/glfw v0.0.0-20250301202403-da16c1255728 h1:RkGhqHxEVAvPM0/R+8g7XRwQnHatO0KAuVcwHo8q9W8=
github.com/go-gl/glfw/v3.3/glfw v0.0.0-20250301202403-da16c1255728/go.mod h1:SyRD8YfuKk+ZXlDqYiqe1qMSqjNgtHzBTG810KUagMc=
github.com/gopherjs/gopherjs v1.20.1 h1:22uLWFvVcxhJ+j3dJ99NNfwGyHynxCmjhYsrcwqbY60=
github.com/gopherjs/gopherjs v1.20.1/go.mod h1:h+FTmmLgbXMmmtuZFp9bUqXciN429Wx0sJEJuMnpyfM=
github.com/goxjs/gl v0.0.0-20230705020350-37525f4d9d35 h1:0nrx2NBHnXyMlX9vZ+nHuuk9CUHbLeYfzhhYcIYO0aE=
github.com/goxjs/gl v0.0.0-20230705020350-37525f4d9d35/go.mod h1:5N8oq1ByK4sl23tHlaSzAz+K3HembX6EP/bw25Nl1aU=
github.com/goxjs/glfw v0.0.0-20230704040236-622eb27e272a h1:7PTr4KjX8oeckUIQgwRc/BwTJN4ti5dAR5MGoBHDKR8=
github.com/goxjs/glfw v0.0.0-20230704040236-622eb27e272a/go.mod h1:sVbv2S3I5K7bTlalOHCPfV429ZpKzGq5zwsWgrzj5aQ=
github.com/shibukawa/nanovgo v0.0.0-20160822101109-9141d09b3652 h1:7ORiLBcdIPEjwwbbjUpYIvy3Z6syqAhnfY/3m5DSs5M=
github.com/shibukawa/nanovgo v0.0.0-20160822101109-9141d09b3652/go.mod h1:A/HWQKoHKEbx5r+LI6Lns9g6vSROSGw59APgU2Zr+Cc=
golang.org/x/mobile v0.0.0-20260211191516-dcd2a3258864 h1:cTVynMSsMYgbUrtia2HB1jrhdUwQNtQti91vUCyjMp4=
golang.org/x/mobile v0.0.0-20260211191516-dcd2a3258864/go.mod h1:4OGHIUSBiIqyFAQDaX1tpY0BVnO20DvNDeATBu8aeFQ=
honnef.co/go/js/console v0.0.0-20150119023344-105276c43558 h1:h/U4Bu3p/OB5OvK6+7cXA1oleuDeFzZOTHuwZjMT36A=
honnef.co/go/js/console v0.0.0-20150119023344-105276c43558/go.mod h1:K5NtVTubnQQDVBcHCysv3MwAde+idPmWBeXxpHczwcU=
honnef.co/go/js/dom v0.0.0-20250304181735-b5e52f05e89d h1:COs9HfZLbY0mepnD6VJ27HvV8Lkdoxbw/aP8lwqKTS4=
honnef.co/go/js/dom v0.0.0-20250304181735-b5e52f05e89d/go.mod h1:sUMDUKNB2ZcVjt92UnLy3cdGs+wDAcrPdV3JP6sVgA4=
